{
  "name": "azphalt-dev-workflow-skills",
  "version": "1.0.0",
  "lockfileVersion": 3,
  "requires": true,
  "packages": {
    "": {
      "name": "azphalt-dev-workflow-skills",
      "version": "1.0.0",
      "license": "MIT",
      "dependencies": {
        "@azphalt/azp": "^0.4.0"
      }
    },
    "node_modules/@azphalt/azdk": {
      "version": "0.4.0",
      "resolved": "https://registry.npmjs.org/@azphalt/azdk/-/azdk-0.4.0.tgz",
      "integrity": "sha512-zaazo4SzTiO8sISAf7orFbic5dYRVS6HiNnmMbzy8ioezcHcroXbEH922bn0jUu+Hy96W6RkKkD3Mp/mGy+bVw==",
      "license": "MIT"
    },
    "node_modules/@azphalt/azp": {
      "version": "0.4.0",
      "resolved": "https://registry.npmjs.org/@azphalt/azp/-/azp-0.4.0.tgz",
      "integrity": "sha512-+0qR13CxfC3K/AnbOm/5o3Um3+xvfvVleosv6YbrQzNJDnryIPVfeEgTPNK6KG2XW2O1bkwMBEf8yM+tT2AZ7g==",
      "license": "MIT",
      "dependencies": {
        "@azphalt/azdk": "0.4.0",
        "fflate": "^0.8.3"
      }
    },
    "node_modules/fflate": {
      "version": "0.8.3",
      "resolved": "https://registry.npmjs.org/fflate/-/fflate-0.8.3.tgz",
      "integrity": "sha512-tbZNuJrLwGUp3zshBtdy4W+ORxZuIh8a5ilyIEQDC5rY1f3U20JMry0Ll3WBzU58EZKsEuJFXhb5gwv8CsPvgA==",
      "license": "MIT"
    }
  }
}
